// !$*UTF8*$!
{
	archiveVersion = 1;
	classes = {
	};
	objectVersion = 50;
	objects = {

/* Begin PBXBuildFile section */
		2E1453112514E0E1003D7A1E /* ImagePicker.swift in Sources */ = {isa = PBXBuildFile; fileRef = 2E1453102514E0E1003D7A1E /* ImagePicker.swift */; };
		2E2A9C912510133500718B76 /* Comic.swift in Sources */ = {isa = PBXBuildFile; fileRef = 2E2A9C902510133500718B76 /* Comic.swift */; };
		2E2A9C93251015E500718B76 /* Database.swift in Sources */ = {isa = PBXBuildFile; fileRef = 2E2A9C92251015E500718B76 /* Database.swift */; };
		2E2E103C2512D14B0058AA34 /* PickerItemViewController.swift in Sources */ = {isa = PBXBuildFile; fileRef = 2E2E103B2512D14B0058AA34 /* PickerItemViewController.swift */; };
		2E504A6E250FA1E80045D142 /* AppDelegate.swift in Sources */ = {isa = PBXBuildFile; fileRef = 2E504A6D250FA1E80045D142 /* AppDelegate.swift */; };
		2E504A70250FA1E80045D142 /* SceneDelegate.swift in Sources */ = {isa = PBXBuildFile; fileRef = 2E504A6F250FA1E80045D142 /* SceneDelegate.swift */; };
		2E504A77250FA1E90045D142 /* Assets.xcassets in Resources */ = {isa = PBXBuildFile; fileRef = 2E504A76250FA1E90045D142 /* Assets.xcassets */; };
		2E504A7A250FA1E90045D142 /* LaunchScreen.storyboard in Resources */ = {isa = PBXBuildFile; fileRef = 2E504A78250FA1E90045D142 /* LaunchScreen.storyboard */; };
		2E504A85250FA1EA0045D142 /* ComicAppTests.swift in Sources */ = {isa = PBXBuildFile; fileRef = 2E504A84250FA1EA0045D142 /* ComicAppTests.swift */; };
		2E504A90250FA1EA0045D142 /* ComicAppUITests.swift in Sources */ = {isa = PBXBuildFile; fileRef = 2E504A8F250FA1EA0045D142 /* ComicAppUITests.swift */; };
		2E504A9F250FA5260045D142 /* .swiftlint.yml in Resources */ = {isa = PBXBuildFile; fileRef = 2E504A9E250FA5260045D142 /* .swiftlint.yml */; };
		2E504AA4250FACCC0045D142 /* TabBar.storyboard in Resources */ = {isa = PBXBuildFile; fileRef = 2E504AA3250FACCC0045D142 /* TabBar.storyboard */; };
		2E504AA6250FAD8E0045D142 /* Shelf.storyboard in Resources */ = {isa = PBXBuildFile; fileRef = 2E504AA5250FAD8E0045D142 /* Shelf.storyboard */; };
		2E504AA8250FAE350045D142 /* Profile.storyboard in Resources */ = {isa = PBXBuildFile; fileRef = 2E504AA7250FAE350045D142 /* Profile.storyboard */; };
		2E504AAA250FAE6A0045D142 /* Settings.storyboard in Resources */ = {isa = PBXBuildFile; fileRef = 2E504AA9250FAE6A0045D142 /* Settings.storyboard */; };
		2E6036FE251389A0002D234A /* AddToShelf.storyboard in Resources */ = {isa = PBXBuildFile; fileRef = 2E6036FD251389A0002D234A /* AddToShelf.storyboard */; };
		2E756AE72518FB9A00BE4DC0 /* EditComic.storyboard in Resources */ = {isa = PBXBuildFile; fileRef = 2E756AE62518FB9A00BE4DC0 /* EditComic.storyboard */; };
		2E756AE9251907A200BE4DC0 /* EditComicViewController.swift in Sources */ = {isa = PBXBuildFile; fileRef = 2E756AE8251907A200BE4DC0 /* EditComicViewController.swift */; };
		2E756AEB25193D1000BE4DC0 /* PickerItem.storyboard in Resources */ = {isa = PBXBuildFile; fileRef = 2E756AEA25193D1000BE4DC0 /* PickerItem.storyboard */; };
		2EFD6B5B2512537D00BFC3AF /* ShelfViewController.swift in Sources */ = {isa = PBXBuildFile; fileRef = 2EFD6B5A2512537D00BFC3AF /* ShelfViewController.swift */; };
		2EFD6B5F25125E1E00BFC3AF /* AddToShelfViewController.swift in Sources */ = {isa = PBXBuildFile; fileRef = 2EFD6B5E25125E1E00BFC3AF /* AddToShelfViewController.swift */; };
		56EAC51625139D48002671E7 /* CustomSegmentedControl.swift in Sources */ = {isa = PBXBuildFile; fileRef = 56EAC51525139D48002671E7 /* CustomSegmentedControl.swift */; };
		77D34B7E251392E100FB1586 /* ProfileViewController.swift in Sources */ = {isa = PBXBuildFile; fileRef = 77D34B7D251392E100FB1586 /* ProfileViewController.swift */; };
		77D34B80251398A000FB1586 /* ProfileProgress.xib in Resources */ = {isa = PBXBuildFile; fileRef = 77D34B7F251398A000FB1586 /* ProfileProgress.xib */; };
		77D34B8225139F5800FB1586 /* ProfileProgress.swift in Sources */ = {isa = PBXBuildFile; fileRef = 77D34B8125139F5800FB1586 /* ProfileProgress.swift */; };
		77D34B862513AA4300FB1586 /* ProfileCell.xib in Resources */ = {isa = PBXBuildFile; fileRef = 77D34B852513AA4300FB1586 /* ProfileCell.xib */; };
		77D34B882513AC8900FB1586 /* ProfileCell.swift in Sources */ = {isa = PBXBuildFile; fileRef = 77D34B872513AC8900FB1586 /* ProfileCell.swift */; };
		EC374E372514DA7400AE6B99 /* ShelfCollectionViewCell.swift in Sources */ = {isa = PBXBuildFile; fileRef = EC374E362514DA7400AE6B99 /* ShelfCollectionViewCell.swift */; };
		EC374E3A2514E31000AE6B99 /* ComicCustomLayout.swift in Sources */ = {isa = PBXBuildFile; fileRef = EC374E392514E31000AE6B99 /* ComicCustomLayout.swift */; };
/* End PBXBuildFile section */

/* Begin PBXContainerItemProxy section */
		2E504A81250FA1EA0045D142 /* PBXContainerItemProxy */ = {
			isa = PBXContainerItemProxy;
			containerPortal = 2E504A62250FA1E80045D142 /* Project object */;
			proxyType = 1;
			remoteGlobalIDString = 2E504A69250FA1E80045D142;
			remoteInfo = ComicApp;
		};
		2E504A8C250FA1EA0045D142 /* PBXContainerItemProxy */ = {
			isa = PBXContainerItemProxy;
			containerPortal = 2E504A62250FA1E80045D142 /* Project object */;
			proxyType = 1;
			remoteGlobalIDString = 2E504A69250FA1E80045D142;
			remoteInfo = ComicApp;
		};
/* End PBXContainerItemProxy section */

/* Begin PBXFileReference section */
		2E1453102514E0E1003D7A1E /* ImagePicker.swift */ = {isa = PBXFileReference; lastKnownFileType = sourcecode.swift; path = ImagePicker.swift; sourceTree = "<group>"; };
		2E2A9C902510133500718B76 /* Comic.swift */ = {isa = PBXFileReference; lastKnownFileType = sourcecode.swift; path = Comic.swift; sourceTree = "<group>"; };
		2E2A9C92251015E500718B76 /* Database.swift */ = {isa = PBXFileReference; lastKnownFileType = sourcecode.swift; path = Database.swift; sourceTree = "<group>"; };
		2E2E103B2512D14B0058AA34 /* PickerItemViewController.swift */ = {isa = PBXFileReference; lastKnownFileType = sourcecode.swift; path = PickerItemViewController.swift; sourceTree = "<group>"; };
		2E504A6A250FA1E80045D142 /* ComicApp.app */ = {isa = PBXFileReference; explicitFileType = wrapper.application; includeInIndex = 0; path = ComicApp.app; sourceTree = BUILT_PRODUCTS_DIR; };
		2E504A6D250FA1E80045D142 /* AppDelegate.swift */ = {isa = PBXFileReference; lastKnownFileType = sourcecode.swift; path = AppDelegate.swift; sourceTree = "<group>"; };
		2E504A6F250FA1E80045D142 /* SceneDelegate.swift */ = {isa = PBXFileReference; lastKnownFileType = sourcecode.swift; path = SceneDelegate.swift; sourceTree = "<group>"; };
		2E504A76250FA1E90045D142 /* Assets.xcassets */ = {isa = PBXFileReference; lastKnownFileType = folder.assetcatalog; path = Assets.xcassets; sourceTree = "<group>"; };
		2E504A79250FA1E90045D142 /* Base */ = {isa = PBXFileReference; lastKnownFileType = file.storyboard; name = Base; path = Base.lproj/LaunchScreen.storyboard; sourceTree = "<group>"; };
		2E504A7B250FA1E90045D142 /* Info.plist */ = {isa = PBXFileReference; lastKnownFileType = text.plist.xml; path = Info.plist; sourceTree = "<group>"; };
		2E504A80250FA1EA0045D142 /* ComicAppTests.xctest */ = {isa = PBXFileReference; explicitFileType = wrapper.cfbundle; includeInIndex = 0; path = ComicAppTests.xctest; sourceTree = BUILT_PRODUCTS_DIR; };
		2E504A84250FA1EA0045D142 /* ComicAppTests.swift */ = {isa = PBXFileReference; lastKnownFileType = sourcecode.swift; path = ComicAppTests.swift; sourceTree = "<group>"; };
		2E504A86250FA1EA0045D142 /* Info.plist */ = {isa = PBXFileReference; lastKnownFileType = text.plist.xml; path = Info.plist; sourceTree = "<group>"; };
		2E504A8B250FA1EA0045D142 /* ComicAppUITests.xctest */ = {isa = PBXFileReference; explicitFileType = wrapper.cfbundle; includeInIndex = 0; path = ComicAppUITests.xctest; sourceTree = BUILT_PRODUCTS_DIR; };
		2E504A8F250FA1EA0045D142 /* ComicAppUITests.swift */ = {isa = PBXFileReference; lastKnownFileType = sourcecode.swift; path = ComicAppUITests.swift; sourceTree = "<group>"; };
		2E504A91250FA1EA0045D142 /* Info.plist */ = {isa = PBXFileReference; lastKnownFileType = text.plist.xml; path = Info.plist; sourceTree = "<group>"; };
		2E504A9E250FA5260045D142 /* .swiftlint.yml */ = {isa = PBXFileReference; lastKnownFileType = text.yaml; path = .swiftlint.yml; sourceTree = "<group>"; };
		2E504AA3250FACCC0045D142 /* TabBar.storyboard */ = {isa = PBXFileReference; lastKnownFileType = file.storyboard; path = TabBar.storyboard; sourceTree = "<group>"; };
		2E504AA5250FAD8E0045D142 /* Shelf.storyboard */ = {isa = PBXFileReference; lastKnownFileType = file.storyboard; path = Shelf.storyboard; sourceTree = "<group>"; };
		2E504AA7250FAE350045D142 /* Profile.storyboard */ = {isa = PBXFileReference; lastKnownFileType = file.storyboard; path = Profile.storyboard; sourceTree = "<group>"; };
		2E504AA9250FAE6A0045D142 /* Settings.storyboard */ = {isa = PBXFileReference; lastKnownFileType = file.storyboard; path = Settings.storyboard; sourceTree = "<group>"; };
		2E6036FD251389A0002D234A /* AddToShelf.storyboard */ = {isa = PBXFileReference; lastKnownFileType = file.storyboard; path = AddToShelf.storyboard; sourceTree = "<group>"; };
		2E756AE62518FB9A00BE4DC0 /* EditComic.storyboard */ = {isa = PBXFileReference; lastKnownFileType = file.storyboard; path = EditComic.storyboard; sourceTree = "<group>"; };
		2E756AE8251907A200BE4DC0 /* EditComicViewController.swift */ = {isa = PBXFileReference; lastKnownFileType = sourcecode.swift; path = EditComicViewController.swift; sourceTree = "<group>"; };
		2E756AEA25193D1000BE4DC0 /* PickerItem.storyboard */ = {isa = PBXFileReference; lastKnownFileType = file.storyboard; path = PickerItem.storyboard; sourceTree = "<group>"; };
		2EFD6B5A2512537D00BFC3AF /* ShelfViewController.swift */ = {isa = PBXFileReference; lastKnownFileType = sourcecode.swift; path = ShelfViewController.swift; sourceTree = "<group>"; };
		2EFD6B5E25125E1E00BFC3AF /* AddToShelfViewController.swift */ = {isa = PBXFileReference; lastKnownFileType = sourcecode.swift; path = AddToShelfViewController.swift; sourceTree = "<group>"; };
		56EAC51525139D48002671E7 /* CustomSegmentedControl.swift */ = {isa = PBXFileReference; lastKnownFileType = sourcecode.swift; path = CustomSegmentedControl.swift; sourceTree = "<group>"; };
		77D34B7D251392E100FB1586 /* ProfileViewController.swift */ = {isa = PBXFileReference; lastKnownFileType = sourcecode.swift; path = ProfileViewController.swift; sourceTree = "<group>"; };
		77D34B7F251398A000FB1586 /* ProfileProgress.xib */ = {isa = PBXFileReference; lastKnownFileType = file.xib; path = ProfileProgress.xib; sourceTree = "<group>"; };
		77D34B8125139F5800FB1586 /* ProfileProgress.swift */ = {isa = PBXFileReference; lastKnownFileType = sourcecode.swift; path = ProfileProgress.swift; sourceTree = "<group>"; };
		77D34B852513AA4300FB1586 /* ProfileCell.xib */ = {isa = PBXFileReference; lastKnownFileType = file.xib; path = ProfileCell.xib; sourceTree = "<group>"; };
		77D34B872513AC8900FB1586 /* ProfileCell.swift */ = {isa = PBXFileReference; lastKnownFileType = sourcecode.swift; path = ProfileCell.swift; sourceTree = "<group>"; };
		EC374E362514DA7400AE6B99 /* ShelfCollectionViewCell.swift */ = {isa = PBXFileReference; lastKnownFileType = sourcecode.swift; path = ShelfCollectionViewCell.swift; sourceTree = "<group>"; };
		EC374E392514E31000AE6B99 /* ComicCustomLayout.swift */ = {isa = PBXFileReference; lastKnownFileType = sourcecode.swift; path = ComicCustomLayout.swift; sourceTree = "<group>"; };
/* End PBXFileReference section */

/* Begin PBXFrameworksBuildPhase section */
		2E504A67250FA1E80045D142 /* Frameworks */ = {
			isa = PBXFrameworksBuildPhase;
			buildActionMask = 2147483647;
			files = (
			);
			runOnlyForDeploymentPostprocessing = 0;
		};
		2E504A7D250FA1EA0045D142 /* Frameworks */ = {
			isa = PBXFrameworksBuildPhase;
			buildActionMask = 2147483647;
			files = (
			);
			runOnlyForDeploymentPostprocessing = 0;
		};
		2E504A88250FA1EA0045D142 /* Frameworks */ = {
			isa = PBXFrameworksBuildPhase;
			buildActionMask = 2147483647;
			files = (
			);
			runOnlyForDeploymentPostprocessing = 0;
		};
/* End PBXFrameworksBuildPhase section */

/* Begin PBXGroup section */
		2E504A61250FA1E80045D142 = {
			isa = PBXGroup;
			children = (
				2E504A9E250FA5260045D142 /* .swiftlint.yml */,
				2E504A6C250FA1E80045D142 /* ComicApp */,
				2E504A83250FA1EA0045D142 /* ComicAppTests */,
				2E504A8E250FA1EA0045D142 /* ComicAppUITests */,
				2E504A6B250FA1E80045D142 /* Products */,
			);
			sourceTree = "<group>";
		};
		2E504A6B250FA1E80045D142 /* Products */ = {
			isa = PBXGroup;
			children = (
				2E504A6A250FA1E80045D142 /* ComicApp.app */,
				2E504A80250FA1EA0045D142 /* ComicAppTests.xctest */,
				2E504A8B250FA1EA0045D142 /* ComicAppUITests.xctest */,
			);
			name = Products;
			sourceTree = "<group>";
		};
		2E504A6C250FA1E80045D142 /* ComicApp */ = {
			isa = PBXGroup;
			children = (
				2E504AA0250FAC4B0045D142 /* Model */,
				2E504AA1250FAC510045D142 /* View */,
				2E504AA2250FAC590045D142 /* Controller */,
				2E504A6D250FA1E80045D142 /* AppDelegate.swift */,
				2E504A6F250FA1E80045D142 /* SceneDelegate.swift */,
				2E504A76250FA1E90045D142 /* Assets.xcassets */,
				2E504A78250FA1E90045D142 /* LaunchScreen.storyboard */,
				2E504A7B250FA1E90045D142 /* Info.plist */,
			);
			path = ComicApp;
			sourceTree = "<group>";
		};
		2E504A83250FA1EA0045D142 /* ComicAppTests */ = {
			isa = PBXGroup;
			children = (
				2E504A84250FA1EA0045D142 /* ComicAppTests.swift */,
				2E504A86250FA1EA0045D142 /* Info.plist */,
			);
			path = ComicAppTests;
			sourceTree = "<group>";
		};
		2E504A8E250FA1EA0045D142 /* ComicAppUITests */ = {
			isa = PBXGroup;
			children = (
				2E504A8F250FA1EA0045D142 /* ComicAppUITests.swift */,
				2E504A91250FA1EA0045D142 /* Info.plist */,
			);
			path = ComicAppUITests;
			sourceTree = "<group>";
		};
		2E504AA0250FAC4B0045D142 /* Model */ = {
			isa = PBXGroup;
			children = (
				2E2A9C902510133500718B76 /* Comic.swift */,
				2E2A9C92251015E500718B76 /* Database.swift */,
			);
			path = Model;
			sourceTree = "<group>";
		};
		2E504AA1250FAC510045D142 /* View */ = {
			isa = PBXGroup;
			children = (
				EC374E382514E2ED00AE6B99 /* Custom Layout */,
				2E504AA3250FACCC0045D142 /* TabBar.storyboard */,
				77D34B7B2513924C00FB1586 /* Profile */,
				2E504AA5250FAD8E0045D142 /* Shelf.storyboard */,
				2E504AA9250FAE6A0045D142 /* Settings.storyboard */,
				2E6036FD251389A0002D234A /* AddToShelf.storyboard */,
				2E756AEA25193D1000BE4DC0 /* PickerItem.storyboard */,
				EC374E362514DA7400AE6B99 /* ShelfCollectionViewCell.swift */,
				56EAC51525139D48002671E7 /* CustomSegmentedControl.swift */,
				2E756AE62518FB9A00BE4DC0 /* EditComic.storyboard */,
			);
			path = View;
			sourceTree = "<group>";
		};
		2E504AA2250FAC590045D142 /* Controller */ = {
			isa = PBXGroup;
			children = (
				77D34B7C2513925E00FB1586 /* ProfileController */,
				2EFD6B5A2512537D00BFC3AF /* ShelfViewController.swift */,
				2EFD6B5E25125E1E00BFC3AF /* AddToShelfViewController.swift */,
				2E2E103B2512D14B0058AA34 /* PickerItemViewController.swift */,
				2E1453102514E0E1003D7A1E /* ImagePicker.swift */,
				2E756AE8251907A200BE4DC0 /* EditComicViewController.swift */,
			);
			path = Controller;
			sourceTree = "<group>";
		};
		77D34B7B2513924C00FB1586 /* Profile */ = {
			isa = PBXGroup;
			children = (
				2E504AA7250FAE350045D142 /* Profile.storyboard */,
				77D34B7F251398A000FB1586 /* ProfileProgress.xib */,
				77D34B852513AA4300FB1586 /* ProfileCell.xib */,
			);
			path = Profile;
			sourceTree = "<group>";
		};
		77D34B7C2513925E00FB1586 /* ProfileController */ = {
			isa = PBXGroup;
			children = (
				77D34B7D251392E100FB1586 /* ProfileViewController.swift */,
				77D34B8125139F5800FB1586 /* ProfileProgress.swift */,
				77D34B872513AC8900FB1586 /* ProfileCell.swift */,
			);
			path = ProfileController;
			sourceTree = "<group>";
		};
		EC374E382514E2ED00AE6B99 /* Custom Layout */ = {
			isa = PBXGroup;
			children = (
				EC374E392514E31000AE6B99 /* ComicCustomLayout.swift */,
			);
			path = "Custom Layout";
			sourceTree = "<group>";
		};
/* End PBXGroup section */

/* Begin PBXNativeTarget section */
		2E504A69250FA1E80045D142 /* ComicApp */ = {
			isa = PBXNativeTarget;
			buildConfigurationList = 2E504A94250FA1EA0045D142 /* Build configuration list for PBXNativeTarget "ComicApp" */;
			buildPhases = (
				2E504A66250FA1E80045D142 /* Sources */,
				2E504A67250FA1E80045D142 /* Frameworks */,
				2E504A68250FA1E80045D142 /* Resources */,
				2E504A9D250FA4CB0045D142 /* ShellScript */,
			);
			buildRules = (
			);
			dependencies = (
			);
			name = ComicApp;
			productName = ComicApp;
			productReference = 2E504A6A250FA1E80045D142 /* ComicApp.app */;
			productType = "com.apple.product-type.application";
		};
		2E504A7F250FA1EA0045D142 /* ComicAppTests */ = {
			isa = PBXNativeTarget;
			buildConfigurationList = 2E504A97250FA1EA0045D142 /* Build configuration list for PBXNativeTarget "ComicAppTests" */;
			buildPhases = (
				2E504A7C250FA1EA0045D142 /* Sources */,
				2E504A7D250FA1EA0045D142 /* Frameworks */,
				2E504A7E250FA1EA0045D142 /* Resources */,
			);
			buildRules = (
			);
			dependencies = (
				2E504A82250FA1EA0045D142 /* PBXTargetDependency */,
			);
			name = ComicAppTests;
			productName = ComicAppTests;
			productReference = 2E504A80250FA1EA0045D142 /* ComicAppTests.xctest */;
			productType = "com.apple.product-type.bundle.unit-test";
		};
		2E504A8A250FA1EA0045D142 /* ComicAppUITests */ = {
			isa = PBXNativeTarget;
			buildConfigurationList = 2E504A9A250FA1EA0045D142 /* Build configuration list for PBXNativeTarget "ComicAppUITests" */;
			buildPhases = (
				2E504A87250FA1EA0045D142 /* Sources */,
				2E504A88250FA1EA0045D142 /* Frameworks */,
				2E504A89250FA1EA0045D142 /* Resources */,
			);
			buildRules = (
			);
			dependencies = (
				2E504A8D250FA1EA0045D142 /* PBXTargetDependency */,
			);
			name = ComicAppUITests;
			productName = ComicAppUITests;
			productReference = 2E504A8B250FA1EA0045D142 /* ComicAppUITests.xctest */;
			productType = "com.apple.product-type.bundle.ui-testing";
		};
/* End PBXNativeTarget section */

/* Begin PBXProject section */
		2E504A62250FA1E80045D142 /* Project object */ = {
			isa = PBXProject;
			attributes = {
				LastSwiftUpdateCheck = 1170;
				LastUpgradeCheck = 1170;
				ORGANIZATIONNAME = "Eduardo Oliveira";
				TargetAttributes = {
					2E504A69250FA1E80045D142 = {
						CreatedOnToolsVersion = 11.7;
					};
					2E504A7F250FA1EA0045D142 = {
						CreatedOnToolsVersion = 11.7;
						TestTargetID = 2E504A69250FA1E80045D142;
					};
					2E504A8A250FA1EA0045D142 = {
						CreatedOnToolsVersion = 11.7;
						TestTargetID = 2E504A69250FA1E80045D142;
					};
				};
			};
			buildConfigurationList = 2E504A65250FA1E80045D142 /* Build configuration list for PBXProject "ComicApp" */;
			compatibilityVersion = "Xcode 9.3";
			developmentRegion = en;
			hasScannedForEncodings = 0;
			knownRegions = (
				en,
				Base,
			);
			mainGroup = 2E504A61250FA1E80045D142;
			productRefGroup = 2E504A6B250FA1E80045D142 /* Products */;
			projectDirPath = "";
			projectRoot = "";
			targets = (
				2E504A69250FA1E80045D142 /* ComicApp */,
				2E504A7F250FA1EA0045D142 /* ComicAppTests */,
				2E504A8A250FA1EA0045D142 /* ComicAppUITests */,
			);
		};
/* End PBXProject section */

/* Begin PBXResourcesBuildPhase section */
		2E504A68250FA1E80045D142 /* Resources */ = {
			isa = PBXResourcesBuildPhase;
			buildActionMask = 2147483647;
			files = (
				2E504AA8250FAE350045D142 /* Profile.storyboard in Resources */,
				2E504A9F250FA5260045D142 /* .swiftlint.yml in Resources */,
				2E6036FE251389A0002D234A /* AddToShelf.storyboard in Resources */,
				2E504A7A250FA1E90045D142 /* LaunchScreen.storyboard in Resources */,
				2E504A77250FA1E90045D142 /* Assets.xcassets in Resources */,
				2E756AE72518FB9A00BE4DC0 /* EditComic.storyboard in Resources */,
				2E504AA4250FACCC0045D142 /* TabBar.storyboard in Resources */,
				2E504AA6250FAD8E0045D142 /* Shelf.storyboard in Resources */,
				2E504AAA250FAE6A0045D142 /* Settings.storyboard in Resources */,
				2E756AEB25193D1000BE4DC0 /* PickerItem.storyboard in Resources */,
				77D34B80251398A000FB1586 /* ProfileProgress.xib in Resources */,
				77D34B862513AA4300FB1586 /* ProfileCell.xib in Resources */,
			);
			runOnlyForDeploymentPostprocessing = 0;
		};
		2E504A7E250FA1EA0045D142 /* Resources */ = {
			isa = PBXResourcesBuildPhase;
			buildActionMask = 2147483647;
			files = (
			);
			runOnlyForDeploymentPostprocessing = 0;
		};
		2E504A89250FA1EA0045D142 /* Resources */ = {
			isa = PBXResourcesBuildPhase;
			buildActionMask = 2147483647;
			files = (
			);
			runOnlyForDeploymentPostprocessing = 0;
		};
/* End PBXResourcesBuildPhase section */

/* Begin PBXShellScriptBuildPhase section */
		2E504A9D250FA4CB0045D142 /* ShellScript */ = {
			isa = PBXShellScriptBuildPhase;
			buildActionMask = 2147483647;
			files = (
			);
			inputFileListPaths = (
			);
			inputPaths = (
			);
			outputFileListPaths = (
			);
			outputPaths = (
			);
			runOnlyForDeploymentPostprocessing = 0;
			shellPath = /bin/sh;
			shellScript = "if which swiftlint >/dev/null; then\n  swiftlint\nelse\n  echo \"warning: SwiftLint not installed, download from https://github.com/realm/SwiftLint\"\nfi\n";
		};
/* End PBXShellScriptBuildPhase section */

/* Begin PBXSourcesBuildPhase section */
		2E504A66250FA1E80045D142 /* Sources */ = {
			isa = PBXSourcesBuildPhase;
			buildActionMask = 2147483647;
			files = (
				77D34B7E251392E100FB1586 /* ProfileViewController.swift in Sources */,
				2E504A6E250FA1E80045D142 /* AppDelegate.swift in Sources */,
				EC374E372514DA7400AE6B99 /* ShelfCollectionViewCell.swift in Sources */,
				2EFD6B5B2512537D00BFC3AF /* ShelfViewController.swift in Sources */,
				2E2A9C912510133500718B76 /* Comic.swift in Sources */,
				2E756AE9251907A200BE4DC0 /* EditComicViewController.swift in Sources */,
				77D34B8225139F5800FB1586 /* ProfileProgress.swift in Sources */,
				2E2A9C93251015E500718B76 /* Database.swift in Sources */,
				2EFD6B5F25125E1E00BFC3AF /* AddToShelfViewController.swift in Sources */,
				2E1453112514E0E1003D7A1E /* ImagePicker.swift in Sources */,
				2E2E103C2512D14B0058AA34 /* PickerItemViewController.swift in Sources */,
				2E504A70250FA1E80045D142 /* SceneDelegate.swift in Sources */,
				77D34B882513AC8900FB1586 /* ProfileCell.swift in Sources */,
				EC374E3A2514E31000AE6B99 /* ComicCustomLayout.swift in Sources */,
				56EAC51625139D48002671E7 /* CustomSegmentedControl.swift in Sources */,
			);
			runOnlyForDeploymentPostprocessing = 0;
		};
		2E504A7C250FA1EA0045D142 /* Sources */ = {
			isa = PBXSourcesBuildPhase;
			buildActionMask = 2147483647;
			files = (
				2E504A85250FA1EA0045D142 /* ComicAppTests.swift in Sources */,
			);
			runOnlyForDeploymentPostprocessing = 0;
		};
		2E504A87250FA1EA0045D142 /* Sources */ = {
			isa = PBXSourcesBuildPhase;
			buildActionMask = 2147483647;
			files = (
				2E504A90250FA1EA0045D142 /* ComicAppUITests.swift in Sources */,
			);
			runOnlyForDeploymentPostprocessing = 0;
		};
/* End PBXSourcesBuildPhase section */

/* Begin PBXTargetDependency section */
		2E504A82250FA1EA0045D142 /* PBXTargetDependency */ = {
			isa = PBXTargetDependency;
			target = 2E504A69250FA1E80045D142 /* ComicApp */;
			targetProxy = 2E504A81250FA1EA0045D142 /* PBXContainerItemProxy */;
		};
		2E504A8D250FA1EA0045D142 /* PBXTargetDependency */ = {
			isa = PBXTargetDependency;
			target = 2E504A69250FA1E80045D142 /* ComicApp */;
			targetProxy = 2E504A8C250FA1EA0045D142 /* PBXContainerItemProxy */;
		};
/* End PBXTargetDependency section */

/* Begin PBXVariantGroup section */
		2E504A78250FA1E90045D142 /* LaunchScreen.storyboard */ = {
			isa = PBXVariantGroup;
			children = (
				2E504A79250FA1E90045D142 /* Base */,
			);
			name = LaunchScreen.storyboard;
			sourceTree = "<group>";
		};
/* End PBXVariantGroup section */

/* Begin XCBuildConfiguration section */
		2E504A92250FA1EA0045D142 /* Debug */ = {
			isa = XCBuildConfiguration;
			buildSettings = {
				ALWAYS_SEARCH_USER_PATHS = NO;
				CLANG_ANALYZER_NONNULL = YES;
				CLANG_ANALYZER_NUMBER_OBJECT_CONVERSION = YES_AGGRESSIVE;
				CLANG_CXX_LANGUAGE_STANDARD = "gnu++14";
				CLANG_CXX_LIBRARY = "libc++";
				CLANG_ENABLE_MODULES = YES;
				CLANG_ENABLE_OBJC_ARC = YES;
				CLANG_ENABLE_OBJC_WEAK = YES;
				CLANG_WARN_BLOCK_CAPTURE_AUTORELEASING = YES;
				CLANG_WARN_BOOL_CONVERSION = YES;
				CLANG_WARN_COMMA = YES;
				CLANG_WARN_CONSTANT_CONVERSION = YES;
				CLANG_WARN_DEPRECATED_OBJC_IMPLEMENTATIONS = YES;
				CLANG_WARN_DIRECT_OBJC_ISA_USAGE = YES_ERROR;
				CLANG_WARN_DOCUMENTATION_COMMENTS = YES;
				CLANG_WARN_EMPTY_BODY = YES;
				CLANG_WARN_ENUM_CONVERSION = YES;
				CLANG_WARN_INFINITE_RECURSION = YES;
				CLANG_WARN_INT_CONVERSION = YES;
				CLANG_WARN_NON_LITERAL_NULL_CONVERSION = YES;
				CLANG_WARN_OBJC_IMPLICIT_RETAIN_SELF = YES;
				CLANG_WARN_OBJC_LITERAL_CONVERSION = YES;
				CLANG_WARN_OBJC_ROOT_CLASS = YES_ERROR;
				CLANG_WARN_RANGE_LOOP_ANALYSIS = YES;
				CLANG_WARN_STRICT_PROTOTYPES = YES;
				CLANG_WARN_SUSPICIOUS_MOVE = YES;
				CLANG_WARN_UNGUARDED_AVAILABILITY = YES_AGGRESSIVE;
				CLANG_WARN_UNREACHABLE_CODE = YES;
				CLANG_WARN__DUPLICATE_METHOD_MATCH = YES;
				COPY_PHASE_STRIP = NO;
				DEBUG_INFORMATION_FORMAT = dwarf;
				ENABLE_STRICT_OBJC_MSGSEND = YES;
				ENABLE_TESTABILITY = YES;
				GCC_C_LANGUAGE_STANDARD = gnu11;
				GCC_DYNAMIC_NO_PIC = NO;
				GCC_NO_COMMON_BLOCKS = YES;
				GCC_OPTIMIZATION_LEVEL = 0;
				GCC_PREPROCESSOR_DEFINITIONS = (
					"DEBUG=1",
					"$(inherited)",
				);
				GCC_WARN_64_TO_32_BIT_CONVERSION = YES;
				GCC_WARN_ABOUT_RETURN_TYPE = YES_ERROR;
				GCC_WARN_UNDECLARED_SELECTOR = YES;
				GCC_WARN_UNINITIALIZED_AUTOS = YES_AGGRESSIVE;
				GCC_WARN_UNUSED_FUNCTION = YES;
				GCC_WARN_UNUSED_VARIABLE = YES;
				IPHONEOS_DEPLOYMENT_TARGET = 13.7;
				MTL_ENABLE_DEBUG_INFO = INCLUDE_SOURCE;
				MTL_FAST_MATH = YES;
				ONLY_ACTIVE_ARCH = YES;
				SDKROOT = iphoneos;
				SWIFT_ACTIVE_COMPILATION_CONDITIONS = DEBUG;
				SWIFT_OPTIMIZATION_LEVEL = "-Onone";
			};
			name = Debug;
		};
		2E504A93250FA1EA0045D142 /* Release */ = {
			isa = XCBuildConfiguration;
			buildSettings = {
				ALWAYS_SEARCH_USER_PATHS = NO;
				CLANG_ANALYZER_NONNULL = YES;
				CLANG_ANALYZER_NUMBER_OBJECT_CONVERSION = YES_AGGRESSIVE;
				CLANG_CXX_LANGUAGE_STANDARD = "gnu++14";
				CLANG_CXX_LIBRARY = "libc++";
				CLANG_ENABLE_MODULES = YES;
				CLANG_ENABLE_OBJC_ARC = YES;
				CLANG_ENABLE_OBJC_WEAK = YES;
				CLANG_WARN_BLOCK_CAPTURE_AUTORELEASING = YES;
				CLANG_WARN_BOOL_CONVERSION = YES;
				CLANG_WARN_COMMA = YES;
				CLANG_WARN_CONSTANT_CONVERSION = YES;
				CLANG_WARN_DEPRECATED_OBJC_IMPLEMENTATIONS = YES;
				CLANG_WARN_DIRECT_OBJC_ISA_USAGE = YES_ERROR;
				CLANG_WARN_DOCUMENTATION_COMMENTS = YES;
				CLANG_WARN_EMPTY_BODY = YES;
				CLANG_WARN_ENUM_CONVERSION = YES;
				CLANG_WARN_INFINITE_RECURSION = YES;
				CLANG_WARN_INT_CONVERSION = YES;
				CLANG_WARN_NON_LITERAL_NULL_CONVERSION = YES;
				CLANG_WARN_OBJC_IMPLICIT_RETAIN_SELF = YES;
				CLANG_WARN_OBJC_LITERAL_CONVERSION = YES;
				CLANG_WARN_OBJC_ROOT_CLASS = YES_ERROR;
				CLANG_WARN_RANGE_LOOP_ANALYSIS = YES;
				CLANG_WARN_STRICT_PROTOTYPES = YES;
				CLANG_WARN_SUSPICIOUS_MOVE = YES;
				CLANG_WARN_UNGUARDED_AVAILABILITY = YES_AGGRESSIVE;
				CLANG_WARN_UNREACHABLE_CODE = YES;
				CLANG_WARN__DUPLICATE_METHOD_MATCH = YES;
				COPY_PHASE_STRIP = NO;
				DEBUG_INFORMATION_FORMAT = "dwarf-with-dsym";
				ENABLE_NS_ASSERTIONS = NO;
				ENABLE_STRICT_OBJC_MSGSEND = YES;
				GCC_C_LANGUAGE_STANDARD = gnu11;
				GCC_NO_COMMON_BLOCKS = YES;
				GCC_WARN_64_TO_32_BIT_CONVERSION = YES;
				GCC_WARN_ABOUT_RETURN_TYPE = YES_ERROR;
				GCC_WARN_UNDECLARED_SELECTOR = YES;
				GCC_WARN_UNINITIALIZED_AUTOS = YES_AGGRESSIVE;
				GCC_WARN_UNUSED_FUNCTION = YES;
				GCC_WARN_UNUSED_VARIABLE = YES;
				IPHONEOS_DEPLOYMENT_TARGET = 13.7;
				MTL_ENABLE_DEBUG_INFO = NO;
				MTL_FAST_MATH = YES;
				SDKROOT = iphoneos;
				SWIFT_COMPILATION_MODE = wholemodule;
				SWIFT_OPTIMIZATION_LEVEL = "-O";
				VALIDATE_PRODUCT = YES;
			};
			name = Release;
		};
		2E504A95250FA1EA0045D142 /* Debug */ = {
			isa = XCBuildConfiguration;
			buildSettings = {
				ASSETCATALOG_COMPILER_APPICON_NAME = AppIcon;
				CODE_SIGN_STYLE = Automatic;
				DEVELOPMENT_TEAM = P3PDP2RPN7;
				INFOPLIST_FILE = ComicApp/Info.plist;
				LD_RUNPATH_SEARCH_PATHS = (
					"$(inherited)",
					"@executable_path/Frameworks",
				);
				PRODUCT_BUNDLE_IDENTIFIER = eduardoliveira.ComicApp;
				PRODUCT_NAME = "$(TARGET_NAME)";
				SWIFT_VERSION = 5.0;
				TARGETED_DEVICE_FAMILY = "1,2";
			};
			name = Debug;
		};
		2E504A96250FA1EA0045D142 /* Release */ = {
			isa = XCBuildConfiguration;
			buildSettings = {
				ASSETCATALOG_COMPILER_APPICON_NAME = AppIcon;
				CODE_SIGN_STYLE = Automatic;
				DEVELOPMENT_TEAM = P3PDP2RPN7;
				INFOPLIST_FILE = ComicApp/Info.plist;
				LD_RUNPATH_SEARCH_PATHS = (
					"$(inherited)",
					"@executable_path/Frameworks",
				);
				PRODUCT_BUNDLE_IDENTIFIER = eduardoliveira.ComicApp;
				PRODUCT_NAME = "$(TARGET_NAME)";
				SWIFT_VERSION = 5.0;
				TARGETED_DEVICE_FAMILY = "1,2";
			};
			name = Release;
		};
		2E504A98250FA1EA0045D142 /* Debug */ = {
			isa = XCBuildConfiguration;
			buildSettings = {
				ALWAYS_EMBED_SWIFT_STANDARD_LIBRARIES = YES;
				BUNDLE_LOADER = "$(TEST_HOST)";
				CODE_SIGN_STYLE = Automatic;
				INFOPLIST_FILE = ComicAppTests/Info.plist;
				IPHONEOS_DEPLOYMENT_TARGET = 13.7;
				LD_RUNPATH_SEARCH_PATHS = (
					"$(inherited)",
					"@executable_path/Frameworks",
					"@loader_path/Frameworks",
				);
				PRODUCT_BUNDLE_IDENTIFIER = eduardoliveira.ComicAppTests;
				PRODUCT_NAME = "$(TARGET_NAME)";
				SWIFT_VERSION = 5.0;
				TARGETED_DEVICE_FAMILY = "1,2";
				TEST_HOST = "$(BUILT_PRODUCTS_DIR)/ComicApp.app/ComicApp";
			};
			name = Debug;
		};
		2E504A99250FA1EA0045D142 /* Release */ = {
			isa = XCBuildConfiguration;
			buildSettings = {
				ALWAYS_EMBED_SWIFT_STANDARD_LIBRARIES = YES;
				BUNDLE_LOADER = "$(TEST_HOST)";
				CODE_SIGN_STYLE = Automatic;
				INFOPLIST_FILE = ComicAppTests/Info.plist;
				IPHONEOS_DEPLOYMENT_TARGET = 13.7;
				LD_RUNPATH_SEARCH_PATHS = (
					"$(inherited)",
					"@executable_path/Frameworks",
					"@loader_path/Frameworks",
				);
				PRODUCT_BUNDLE_IDENTIFIER = eduardoliveira.ComicAppTests;
				PRODUCT_NAME = "$(TARGET_NAME)";
				SWIFT_VERSION = 5.0;
				TARGETED_DEVICE_FAMILY = "1,2";
				TEST_HOST = "$(BUILT_PRODUCTS_DIR)/ComicApp.app/ComicApp";
			};
			name = Release;
		};
		2E504A9B250FA1EA0045D142 /* Debug */ = {
			isa = XCBuildConfiguration;
			buildSettings = {
				ALWAYS_EMBED_SWIFT_STANDARD_LIBRARIES = YES;
				CODE_SIGN_STYLE = Automatic;
				INFOPLIST_FILE = ComicAppUITests/Info.plist;
				LD_RUNPATH_SEARCH_PATHS = (
					"$(inherited)",
					"@executable_path/Frameworks",
					"@loader_path/Frameworks",
				);
				PRODUCT_BUNDLE_IDENTIFIER = eduardoliveira.ComicAppUITests;
				PRODUCT_NAME = "$(TARGET_NAME)";
				SWIFT_VERSION = 5.0;
				TARGETED_DEVICE_FAMILY = "1,2";
				TEST_TARGET_NAME = ComicApp;
			};
			name = Debug;
		};
		2E504A9C250FA1EA0045D142 /* Release */ = {
			isa = XCBuildConfiguration;
			buildSettings = {
				ALWAYS_EMBED_SWIFT_STANDARD_LIBRARIES = YES;
				CODE_SIGN_STYLE = Automatic;
				INFOPLIST_FILE = ComicAppUITests/Info.plist;
				LD_RUNPATH_SEARCH_PATHS = (
					"$(inherited)",
					"@executable_path/Frameworks",
					"@loader_path/Frameworks",
				);
				PRODUCT_BUNDLE_IDENTIFIER = eduardoliveira.ComicAppUITests;
				PRODUCT_NAME = "$(TARGET_NAME)";
				SWIFT_VERSION = 5.0;
				TARGETED_DEVICE_FAMILY = "1,2";
				TEST_TARGET_NAME = ComicApp;
			};
			name = Release;
		};
/* End XCBuildConfiguration section */

/* Begin XCConfigurationList section */
		2E504A65250FA1E80045D142 /* Build configuration list for PBXProject "ComicApp" */ = {
			isa = XCConfigurationList;
			buildConfigurations = (
				2E504A92250FA1EA0045D142 /* Debug */,
				2E504A93250FA1EA0045D142 /* Release */,
			);
			defaultConfigurationIsVisible = 0;
			defaultConfigurationName = Release;
		};
		2E504A94250FA1EA0045D142 /* Build configuration list for PBXNativeTarget "ComicApp" */ = {
			isa = XCConfigurationList;
			buildConfigurations = (
				2E504A95250FA1EA0045D142 /* Debug */,
				2E504A96250FA1EA0045D142 /* Release */,
			);
			defaultConfigurationIsVisible = 0;
			defaultConfigurationName = Release;
		};
		2E504A97250FA1EA0045D142 /* Build configuration list for PBXNativeTarget "ComicAppTests" */ = {
			isa = XCConfigurationList;
			buildConfigurations = (
				2E504A98250FA1EA0045D142 /* Debug */,
				2E504A99250FA1EA0045D142 /* Release */,
			);
			defaultConfigurationIsVisible = 0;
			defaultConfigurationName = Release;
		};
		2E504A9A250FA1EA0045D142 /* Build configuration list for PBXNativeTarget "ComicAppUITests" */ = {
			isa = XCConfigurationList;
			buildConfigurations = (
				2E504A9B250FA1EA0045D142 /* Debug */,
				2E504A9C250FA1EA0045D142 /* Release */,
			);
			defaultConfigurationIsVisible = 0;
			defaultConfigurationName = Release;
		};
/* End XCConfigurationList section */
	};
	rootObject = 2E504A62250FA1E80045D142 /* Project object */;
}
